
Microsoft Visual Studio Solution File, Format Version 12.00
# Visual Studio Version 16
VisualStudioVersion = 16.0.31129.286
MinimumVisualStudioVersion = 10.0.40219.1
Project("{2150E333-8FDC-42A3-9474-1A3956D46DE8}") = "src", "src", "{A85C00F1-A81E-4FBC-98DE-9C59FB34479A}"
EndProject
Project("{2150E333-8FDC-42A3-9474-1A3956D46DE8}") = "BuildingBlocks", "BuildingBlocks", "{A8B29E57-BD11-4583-8B65-952E57FA9C4C}"
EndProject
Project("{2150E333-8FDC-42A3-9474-1A3956D46DE8}") = "Web", "Web", "{1FD63DD5-1AA9-4DF4-8CEF-D1E8CAEDAA99}"
EndProject
Project("{2150E333-8FDC-42A3-9474-1A3956D46DE8}") = "Services", "Services", "{114394B8-E5EF-4A08-BF74-4D4CB1681B5E}"
EndProject
Project("{2150E333-8FDC-42A3-9474-1A3956D46DE8}") = "Identity", "Identity", "{A8859EC2-9558-45C4-AFBF-B4476A62FB37}"
EndProject
Project("{FAE04EC0-301F-11D3-BF4B-00C04F79EFBC}") = "CE.Identity.API", "src\Services\CE.Identity.API\CE.Identity.API\CE.Identity.API.csproj", "{6B45F5C5-0BF9-4D3A-8774-85C5EE890AC4}"
EndProject
Project("{2150E333-8FDC-42A3-9474-1A3956D46DE8}") = "MVC", "MVC", "{34C66AB4-2C74-4CE3-A356-150159B6225D}"
EndProject
Project("{FAE04EC0-301F-11D3-BF4B-00C04F79EFBC}") = "CE.WebApp.MVC", "src\Web\CE.WebApp.MVC\CE.WebApp.MVC.csproj", "{88D31575-774C-4121-A7E9-CE1F21B9B7DC}"
EndProject
Project("{2150E333-8FDC-42A3-9474-1A3956D46DE8}") = "Core", "Core", "{C948481A-AEDC-4E1D-B9D9-11C1C484383E}"
EndProject
Project("{FAE04EC0-301F-11D3-BF4B-00C04F79EFBC}") = "CE.Core", "src\BuildingBlocks\CE.Core\CE.Core.csproj", "{E3BB76D3-63AD-476A-93B5-9350529CC5DC}"
EndProject
Project("{2150E333-8FDC-42A3-9474-1A3956D46DE8}") = "Cart", "Cart", "{D8672FF7-9C74-447D-B514-A14A94E1020B}"
EndProject
Project("{2150E333-8FDC-42A3-9474-1A3956D46DE8}") = "Catalog", "Catalog", "{B42F7FAF-8BFE-4F24-BFC1-2148B254CD3C}"
EndProject
Project("{2150E333-8FDC-42A3-9474-1A3956D46DE8}") = "Payment", "Payment", "{CA7AFB37-B16F-40E3-991C-5152BACF7FC1}"
EndProject
Project("{2150E333-8FDC-42A3-9474-1A3956D46DE8}") = "Order", "Order", "{2A1A38B2-0B09-4FD9-BE75-2D750C87398D}"
EndProject
Project("{2150E333-8FDC-42A3-9474-1A3956D46DE8}") = "Client", "Client", "{B85F60AD-DF16-4223-A2A8-4DCC03DE8896}"
EndProject
Project("{FAE04EC0-301F-11D3-BF4B-00C04F79EFBC}") = "CE.Cart.API", "src\Services\CE.Cart.API\CE.Cart.API.csproj", "{B9E8D3EC-E485-40C3-A412-F7B6FC6EBC32}"
EndProject
Project("{FAE04EC0-301F-11D3-BF4B-00C04F79EFBC}") = "CE.Catalog.API", "src\Services\CE.Catalog.API\CE.Catalog.API.csproj", "{2C0B6405-10C4-4F07-8654-6B68B9B609B0}"
EndProject
Project("{FAE04EC0-301F-11D3-BF4B-00C04F79EFBC}") = "CE.Client.API", "src\Services\CE.Client.API\CE.Client.API.csproj", "{83176544-F7B2-4719-BBEE-B5513DCDA7C8}"
EndProject
Project("{FAE04EC0-301F-11D3-BF4B-00C04F79EFBC}") = "CE.Order.API", "src\Services\CE.Order.API\CE.Order.API.csproj", "{CFCEC5B8-199B-4DC1-8207-ECC16CCE6904}"
EndProject
Project("{FAE04EC0-301F-11D3-BF4B-00C04F79EFBC}") = "CE.Payment.API", "src\Services\CE.Payment.API\CE.Payment.API.csproj", "{A46CC98E-C241-467F-93F6-CBEC71C28484}"
EndProject
Global
	GlobalSection(SolutionConfigurationPlatforms) = preSolution
		Debug|Any CPU = Debug|Any CPU
		Release|Any CPU = Release|Any CPU
	EndGlobalSection
	GlobalSection(ProjectConfigurationPlatforms) = postSolution
		{6B45F5C5-0BF9-4D3A-8774-85C5EE890AC4}.Debug|Any CPU.ActiveCfg = Debug|Any CPU
		{6B45F5C5-0BF9-4D3A-8774-85C5EE890AC4}.Debug|Any CPU.Build.0 = Debug|Any CPU
		{6B45F5C5-0BF9-4D3A-8774-85C5EE890AC4}.Release|Any CPU.ActiveCfg = Release|Any CPU
		{6B45F5C5-0BF9-4D3A-8774-85C5EE890AC4}.Release|Any CPU.Build.0 = Release|Any CPU
		{88D31575-774C-4121-A7E9-CE1F21B9B7DC}.Debug|Any CPU.ActiveCfg = Debug|Any CPU
		{88D31575-774C-4121-A7E9-CE1F21B9B7DC}.Debug|Any CPU.Build.0 = Debug|Any CPU
		{88D31575-774C-4121-A7E9-CE1F21B9B7DC}.Release|Any CPU.ActiveCfg = Release|Any CPU
		{88D31575-774C-4121-A7E9-CE1F21B9B7DC}.Release|Any CPU.Build.0 = Release|Any CPU
		{E3BB76D3-63AD-476A-93B5-9350529CC5DC}.Debug|Any CPU.ActiveCfg = Debug|Any CPU
		{E3BB76D3-63AD-476A-93B5-9350529CC5DC}.Debug|Any CPU.Build.0 = Debug|Any CPU
		{E3BB76D3-63AD-476A-93B5-9350529CC5DC}.Release|Any CPU.ActiveCfg = Release|Any CPU
		{E3BB76D3-63AD-476A-93B5-9350529CC5DC}.Release|Any CPU.Build.0 = Release|Any CPU
		{B9E8D3EC-E485-40C3-A412-F7B6FC6EBC32}.Debug|Any CPU.ActiveCfg = Debug|Any CPU
		{B9E8D3EC-E485-40C3-A412-F7B6FC6EBC32}.Debug|Any CPU.Build.0 = Debug|Any CPU
		{B9E8D3EC-E485-40C3-A412-F7B6FC6EBC32}.Release|Any CPU.ActiveCfg = Release|Any CPU
		{B9E8D3EC-E485-40C3-A412-F7B6FC6EBC32}.Release|Any CPU.Build.0 = Release|Any CPU
		{2C0B6405-10C4-4F07-8654-6B68B9B609B0}.Debug|Any CPU.ActiveCfg = Debug|Any CPU
		{2C0B6405-10C4-4F07-8654-6B68B9B609B0}.Debug|Any CPU.Build.0 = Debug|Any CPU
		{2C0B6405-10C4-4F07-8654-6B68B9B609B0}.Release|Any CPU.ActiveCfg = Release|Any CPU
		{2C0B6405-10C4-4F07-8654-6B68B9B609B0}.Release|Any CPU.Build.0 = Release|Any CPU
		{83176544-F7B2-4719-BBEE-B5513DCDA7C8}.Debug|Any CPU.ActiveCfg = Debug|Any CPU
		{83176544-F7B2-4719-BBEE-B5513DCDA7C8}.Debug|Any CPU.Build.0 = Debug|Any CPU
		{83176544-F7B2-4719-BBEE-B5513DCDA7C8}.Release|Any CPU.ActiveCfg = Release|Any CPU
		{83176544-F7B2-4719-BBEE-B5513DCDA7C8}.Release|Any CPU.Build.0 = Release|Any CPU
		{CFCEC5B8-199B-4DC1-8207-ECC16CCE6904}.Debug|Any CPU.ActiveCfg = Debug|Any CPU
		{CFCEC5B8-199B-4DC1-8207-ECC16CCE6904}.Debug|Any CPU.Build.0 = Debug|Any CPU
		{CFCEC5B8-199B-4DC1-8207-ECC16CCE6904}.Release|Any CPU.ActiveCfg = Release|Any CPU
		{CFCEC5B8-199B-4DC1-8207-ECC16CCE6904}.Release|Any CPU.Build.0 = Release|Any CPU
		{A46CC98E-C241-467F-93F6-CBEC71C28484}.Debug|Any CPU.ActiveCfg = Debug|Any CPU
		{A46CC98E-C241-467F-93F6-CBEC71C28484}.Debug|Any CPU.Build.0 = Debug|Any CPU
		{A46CC98E-C241-467F-93F6-CBEC71C28484}.Release|Any CPU.ActiveCfg = Release|Any CPU
		{A46CC98E-C241-467F-93F6-CBEC71C28484}.Release|Any CPU.Build.0 = Release|Any CPU
	EndGlobalSection
	GlobalSection(SolutionProperties) = preSolution
		HideSolutionNode = FALSE
	EndGlobalSection
	GlobalSection(NestedProjects) = preSolution
		{A8B29E57-BD11-4583-8B65-952E57FA9C4C} = {A85C00F1-A81E-4FBC-98DE-9C59FB34479A}
		{1FD63DD5-1AA9-4DF4-8CEF-D1E8CAEDAA99} = {A85C00F1-A81E-4FBC-98DE-9C59FB34479A}
		{114394B8-E5EF-4A08-BF74-4D4CB1681B5E} = {A85C00F1-A81E-4FBC-98DE-9C59FB34479A}
		{A8859EC2-9558-45C4-AFBF-B4476A62FB37} = {114394B8-E5EF-4A08-BF74-4D4CB1681B5E}
		{6B45F5C5-0BF9-4D3A-8774-85C5EE890AC4} = {A8859EC2-9558-45C4-AFBF-B4476A62FB37}
		{34C66AB4-2C74-4CE3-A356-150159B6225D} = {1FD63DD5-1AA9-4DF4-8CEF-D1E8CAEDAA99}
		{88D31575-774C-4121-A7E9-CE1F21B9B7DC} = {34C66AB4-2C74-4CE3-A356-150159B6225D}
		{C948481A-AEDC-4E1D-B9D9-11C1C484383E} = {A8B29E57-BD11-4583-8B65-952E57FA9C4C}
		{E3BB76D3-63AD-476A-93B5-9350529CC5DC} = {C948481A-AEDC-4E1D-B9D9-11C1C484383E}
		{D8672FF7-9C74-447D-B514-A14A94E1020B} = {114394B8-E5EF-4A08-BF74-4D4CB1681B5E}
		{B42F7FAF-8BFE-4F24-BFC1-2148B254CD3C} = {114394B8-E5EF-4A08-BF74-4D4CB1681B5E}
		{CA7AFB37-B16F-40E3-991C-5152BACF7FC1} = {114394B8-E5EF-4A08-BF74-4D4CB1681B5E}
		{2A1A38B2-0B09-4FD9-BE75-2D750C87398D} = {114394B8-E5EF-4A08-BF74-4D4CB1681B5E}
		{B85F60AD-DF16-4223-A2A8-4DCC03DE8896} = {114394B8-E5EF-4A08-BF74-4D4CB1681B5E}
		{B9E8D3EC-E485-40C3-A412-F7B6FC6EBC32} = {D8672FF7-9C74-447D-B514-A14A94E1020B}
		{2C0B6405-10C4-4F07-8654-6B68B9B609B0} = {B42F7FAF-8BFE-4F24-BFC1-2148B254CD3C}
		{83176544-F7B2-4719-BBEE-B5513DCDA7C8} = {B85F60AD-DF16-4223-A2A8-4DCC03DE8896}
		{CFCEC5B8-199B-4DC1-8207-ECC16CCE6904} = {2A1A38B2-0B09-4FD9-BE75-2D750C87398D}
		{A46CC98E-C241-467F-93F6-CBEC71C28484} = {CA7AFB37-B16F-40E3-991C-5152BACF7FC1}
	EndGlobalSection
	GlobalSection(ExtensibilityGlobals) = postSolution
		SolutionGuid = {EA54C996-7722-4F51-9002-A29B9DA9CE29}
	EndGlobalSection
EndGlobal
